Microsoft Visual Studio Solution File, Format Version 12.00
# Visual Studio 2012
Project("{FAE04EC0-301F-11D3-BF4B-00C04F79EFBC}") = "Dino Game", "Dino Game.csproj", "{FCC4255F-C8F0-4053-AC93-EA7D6FEAA912}"
EndProject
Global
	GlobalSection(SolutionConfigurationPlatforms) = preSolution
	Debug|Any CPU = Debug|Any CPU
	ExportDebug|Any CPU = ExportDebug|Any CPU
	ExportRelease|Any CPU = ExportRelease|Any CPU
	EndGlobalSection
	GlobalSection(ProjectConfigurationPlatforms) = postSolution
		{FCC4255F-C8F0-4053-AC93-EA7D6FEAA912}.Debug|Any CPU.ActiveCfg = Debug|Any CPU
		{FCC4255F-C8F0-4053-AC93-EA7D6FEAA912}.Debug|Any CPU.Build.0 = Debug|Any CPU
		{FCC4255F-C8F0-4053-AC93-EA7D6FEAA912}.ExportDebug|Any CPU.ActiveCfg = ExportDebug|Any CPU
		{FCC4255F-C8F0-4053-AC93-EA7D6FEAA912}.ExportDebug|Any CPU.Build.0 = ExportDebug|Any CPU
		{FCC4255F-C8F0-4053-AC93-EA7D6FEAA912}.ExportRelease|Any CPU.ActiveCfg = ExportRelease|Any CPU
		{FCC4255F-C8F0-4053-AC93-EA7D6FEAA912}.ExportRelease|Any CPU.Build.0 = ExportRelease|Any CPU
	EndGlobalSection
EndGlobal
